
Microsoft Visual Studio Solution File, Format Version 12.00
# Visual Studio 15
VisualStudioVersion = 15.0.28010.2019
MinimumVisualStudioVersion = 10.0.40219.1
Project("{FAE04EC0-301F-11D3-BF4B-00C04F79EFBC}") = "MarvelApi", "MarvelApi\MarvelApi.csproj", "{4E46EA6B-849D-4E0C-A0AF-2DE69A3B8700}"
EndProject
Project("{FAE04EC0-301F-11D3-BF4B-00C04F79EFBC}") = "MyBestMarvelLib", "MyBestMarvelLib\MyBestMarvelLib.csproj", "{6D350710-8535-44F4-BA1B-4A40325D01A3}"
EndProject
Project("{FAE04EC0-301F-11D3-BF4B-00C04F79EFBC}") = "WinFormMarvel", "WinFormMarvel\WinFormMarvel.csproj", "{FB2E114D-37AE-4198-9AC9-7C48ACEEB30E}"
EndProject
Global
	GlobalSection(SolutionConfigurationPlatforms) = preSolution
		Debug|Any CPU = Debug|Any CPU
		Release|Any CPU = Release|Any CPU
	EndGlobalSection
	GlobalSection(ProjectConfigurationPlatforms) = postSolution
		{4E46EA6B-849D-4E0C-A0AF-2DE69A3B8700}.Debug|Any CPU.ActiveCfg = Debug|Any CPU
		{4E46EA6B-849D-4E0C-A0AF-2DE69A3B8700}.Debug|Any CPU.Build.0 = Debug|Any CPU
		{4E46EA6B-849D-4E0C-A0AF-2DE69A3B8700}.Release|Any CPU.ActiveCfg = Release|Any CPU
		{4E46EA6B-849D-4E0C-A0AF-2DE69A3B8700}.Release|Any CPU.Build.0 = Release|Any CPU
		{6D350710-8535-44F4-BA1B-4A40325D01A3}.Debug|Any CPU.ActiveCfg = Debug|Any CPU
		{6D350710-8535-44F4-BA1B-4A40325D01A3}.Debug|Any CPU.Build.0 = Debug|Any CPU
		{6D350710-8535-44F4-BA1B-4A40325D01A3}.Release|Any CPU.ActiveCfg = Release|Any CPU
		{6D350710-8535-44F4-BA1B-4A40325D01A3}.Release|Any CPU.Build.0 = Release|Any CPU
		{FB2E114D-37AE-4198-9AC9-7C48ACEEB30E}.Debug|Any CPU.ActiveCfg = Debug|Any CPU
		{FB2E114D-37AE-4198-9AC9-7C48ACEEB30E}.Debug|Any CPU.Build.0 = Debug|Any CPU
		{FB2E114D-37AE-4198-9AC9-7C48ACEEB30E}.Release|Any CPU.ActiveCfg = Release|Any CPU
		{FB2E114D-37AE-4198-9AC9-7C48ACEEB30E}.Release|Any CPU.Build.0 = Release|Any CPU
	EndGlobalSection
	GlobalSection(SolutionProperties) = preSolution
		HideSolutionNode = FALSE
	EndGlobalSection
	GlobalSection(ExtensibilityGlobals) = postSolution
		SolutionGuid = {A664FCCA-C59F-49C7-B68D-C8CC421EC8D3}
	EndGlobalSection
EndGlobal
