
Microsoft Visual Studio Solution File, Format Version 12.00
# Visual Studio 15
VisualStudioVersion = 15.0.28010.2019
MinimumVisualStudioVersion = 10.0.40219.1
Project("{FAE04EC0-301F-11D3-BF4B-00C04F79EFBC}") = "Server", "Server\Server.csproj", "{5B383195-A0AF-47FC-9763-7E3F619F8622}"
EndProject
Project("{FAE04EC0-301F-11D3-BF4B-00C04F79EFBC}") = "Client", "Client\Client.csproj", "{0916FA16-CC0E-4FCB-B894-501EAB1F47A0}"
EndProject
Project("{FAE04EC0-301F-11D3-BF4B-00C04F79EFBC}") = "Lib", "Lib\Lib.csproj", "{728A9E6D-167D-4FB9-AD53-49F731CF7236}"
EndProject
Global
	GlobalSection(SolutionConfigurationPlatforms) = preSolution
		Debug|Any CPU = Debug|Any CPU
		Release|Any CPU = Release|Any CPU
	EndGlobalSection
	GlobalSection(ProjectConfigurationPlatforms) = postSolution
		{5B383195-A0AF-47FC-9763-7E3F619F8622}.Debug|Any CPU.ActiveCfg = Debug|Any CPU
		{5B383195-A0AF-47FC-9763-7E3F619F8622}.Debug|Any CPU.Build.0 = Debug|Any CPU
		{5B383195-A0AF-47FC-9763-7E3F619F8622}.Release|Any CPU.ActiveCfg = Release|Any CPU
		{5B383195-A0AF-47FC-9763-7E3F619F8622}.Release|Any CPU.Build.0 = Release|Any CPU
		{0916FA16-CC0E-4FCB-B894-501EAB1F47A0}.Debug|Any CPU.ActiveCfg = Debug|Any CPU
		{0916FA16-CC0E-4FCB-B894-501EAB1F47A0}.Debug|Any CPU.Build.0 = Debug|Any CPU
		{0916FA16-CC0E-4FCB-B894-501EAB1F47A0}.Release|Any CPU.ActiveCfg = Release|Any CPU
		{0916FA16-CC0E-4FCB-B894-501EAB1F47A0}.Release|Any CPU.Build.0 = Release|Any CPU
		{728A9E6D-167D-4FB9-AD53-49F731CF7236}.Debug|Any CPU.ActiveCfg = Debug|Any CPU
		{728A9E6D-167D-4FB9-AD53-49F731CF7236}.Debug|Any CPU.Build.0 = Debug|Any CPU
		{728A9E6D-167D-4FB9-AD53-49F731CF7236}.Release|Any CPU.ActiveCfg = Release|Any CPU
		{728A9E6D-167D-4FB9-AD53-49F731CF7236}.Release|Any CPU.Build.0 = Release|Any CPU
	EndGlobalSection
	GlobalSection(SolutionProperties) = preSolution
		HideSolutionNode = FALSE
	EndGlobalSection
	GlobalSection(ExtensibilityGlobals) = postSolution
		SolutionGuid = {9033B257-8C80-4442-AFB1-BC83AF438317}
	EndGlobalSection
EndGlobal
